
Microsoft Visual Studio Solution File, Format Version 12.00
# Visual Studio 15
VisualStudioVersion = 15.0.26730.3
MinimumVisualStudioVersion = 10.0.40219.1
Project("{FAE04EC0-301F-11D3-BF4B-00C04F79EFBC}") = "pro1", "pro1\pro1.csproj", "{25568D96-D190-40F7-809D-5F2BB73E7F1E}"
EndProject
Project("{FAE04EC0-301F-11D3-BF4B-00C04F79EFBC}") = "pro2", "pro2\pro2.csproj", "{E6277E94-8DA6-4A71-A9B6-BB11BE00778D}"
EndProject
Project("{FAE04EC0-301F-11D3-BF4B-00C04F79EFBC}") = "pro3", "pro3\pro3.csproj", "{B86191D4-9E03-4A39-A623-E02C4FA12346}"
EndProject
Project("{FAE04EC0-301F-11D3-BF4B-00C04F79EFBC}") = "pro4", "pro4\pro4.csproj", "{7DB855E7-5C4A-4509-86DA-52EC33118F88}"
EndProject
Project("{FAE04EC0-301F-11D3-BF4B-00C04F79EFBC}") = "Tarea01_programa01", "Tarea01_programa01\Tarea01_programa01.csproj", "{3C508F4D-A652-4DB0-AE6B-CFCFE7E40F64}"
EndProject
Project("{FAE04EC0-301F-11D3-BF4B-00C04F79EFBC}") = "Tarea01_programa02", "Tarea01_programa02\Tarea01_programa02.csproj", "{0E340CF5-ED2F-437B-8611-D89256416B2E}"
EndProject
Project("{FAE04EC0-301F-11D3-BF4B-00C04F79EFBC}") = "Tarea02_programa01", "Tarea02_programa01\Tarea02_programa01.csproj", "{12A48710-0E89-4A7A-A301-FC5F71A33A6C}"
EndProject
Project("{FAE04EC0-301F-11D3-BF4B-00C04F79EFBC}") = "Tarea02_programa02", "Tarea02_programa02\Tarea02_programa02.csproj", "{C27F123B-F0E9-4160-9597-A313F22CAE42}"
EndProject
Project("{FAE04EC0-301F-11D3-BF4B-00C04F79EFBC}") = "Tarea02_programa03", "Tarea02_programa03\Tarea02_programa03.csproj", "{F490EE2B-1C29-4AF3-8251-A86F5D6C9962}"
EndProject
Project("{FAE04EC0-301F-11D3-BF4B-00C04F79EFBC}") = "inicializarArreglos", "inicializarArreglos\inicializarArreglos.csproj", "{C772079B-2A4F-4776-B5E2-617B147C4BDB}"
EndProject
Project("{FAE04EC0-301F-11D3-BF4B-00C04F79EFBC}") = "SumaElementosdeArreglos", "SumaElementosdeArreglos\SumaElementosdeArreglos.csproj", "{D40BF8CB-49B2-4BDD-A793-23DFA57C51E8}"
EndProject
Project("{FAE04EC0-301F-11D3-BF4B-00C04F79EFBC}") = "Histograma", "Histograma\Histograma.csproj", "{06D01F5A-F845-4B41-AC5C-98EDC0A1F753}"
EndProject
Project("{FAE04EC0-301F-11D3-BF4B-00C04F79EFBC}") = "LanzarDados", "LanzarDados\LanzarDados.csproj", "{E386A3ED-F23C-4B6C-B80A-6901FF483D31}"
EndProject
Project("{FAE04EC0-301F-11D3-BF4B-00C04F79EFBC}") = "EncuestaEstudiantes", "EncuestaEstudiantes\EncuestaEstudiantes.csproj", "{B4B34915-D090-40F9-8A5F-28E15995D469}"
EndProject
Project("{FAE04EC0-301F-11D3-BF4B-00C04F79EFBC}") = "Arreglo_Metodo", "Arreglo_Metodo\Arreglo_Metodo.csproj", "{38B23444-142F-454D-B6E8-AC53F601BEEA}"
EndProject
Project("{FAE04EC0-301F-11D3-BF4B-00C04F79EFBC}") = "Arreglos_02", "Arreglos_02\Arreglos_02.csproj", "{8E0D9E30-0519-43BD-A155-DA823958AC9C}"
EndProject
Project("{FAE04EC0-301F-11D3-BF4B-00C04F79EFBC}") = "ArregloDosDimensiones", "ArregloDosDimensiones\ArregloDosDimensiones.csproj", "{DA2C4282-3A6C-4B45-B694-5FE01E639203}"
EndProject
Project("{FAE04EC0-301F-11D3-BF4B-00C04F79EFBC}") = "ArregloDoble", "ArregloDoble\ArregloDoble.csproj", "{83F1C38F-A443-4E17-B9BD-EC226232BD63}"
EndProject
Global
	GlobalSection(SolutionConfigurationPlatforms) = preSolution
		Debug|Any CPU = Debug|Any CPU
		Release|Any CPU = Release|Any CPU
	EndGlobalSection
	GlobalSection(ProjectConfigurationPlatforms) = postSolution
		{25568D96-D190-40F7-809D-5F2BB73E7F1E}.Debug|Any CPU.ActiveCfg = Debug|Any CPU
		{25568D96-D190-40F7-809D-5F2BB73E7F1E}.Debug|Any CPU.Build.0 = Debug|Any CPU
		{25568D96-D190-40F7-809D-5F2BB73E7F1E}.Release|Any CPU.ActiveCfg = Release|Any CPU
		{25568D96-D190-40F7-809D-5F2BB73E7F1E}.Release|Any CPU.Build.0 = Release|Any CPU
		{E6277E94-8DA6-4A71-A9B6-BB11BE00778D}.Debug|Any CPU.ActiveCfg = Debug|Any CPU
		{E6277E94-8DA6-4A71-A9B6-BB11BE00778D}.Debug|Any CPU.Build.0 = Debug|Any CPU
		{E6277E94-8DA6-4A71-A9B6-BB11BE00778D}.Release|Any CPU.ActiveCfg = Release|Any CPU
		{E6277E94-8DA6-4A71-A9B6-BB11BE00778D}.Release|Any CPU.Build.0 = Release|Any CPU
		{B86191D4-9E03-4A39-A623-E02C4FA12346}.Debug|Any CPU.ActiveCfg = Debug|Any CPU
		{B86191D4-9E03-4A39-A623-E02C4FA12346}.Debug|Any CPU.Build.0 = Debug|Any CPU
		{B86191D4-9E03-4A39-A623-E02C4FA12346}.Release|Any CPU.ActiveCfg = Release|Any CPU
		{B86191D4-9E03-4A39-A623-E02C4FA12346}.Release|Any CPU.Build.0 = Release|Any CPU
		{7DB855E7-5C4A-4509-86DA-52EC33118F88}.Debug|Any CPU.ActiveCfg = Debug|Any CPU
		{7DB855E7-5C4A-4509-86DA-52EC33118F88}.Debug|Any CPU.Build.0 = Debug|Any CPU
		{7DB855E7-5C4A-4509-86DA-52EC33118F88}.Release|Any CPU.ActiveCfg = Release|Any CPU
		{7DB855E7-5C4A-4509-86DA-52EC33118F88}.Release|Any CPU.Build.0 = Release|Any CPU
		{3C508F4D-A652-4DB0-AE6B-CFCFE7E40F64}.Debug|Any CPU.ActiveCfg = Debug|Any CPU
		{3C508F4D-A652-4DB0-AE6B-CFCFE7E40F64}.Debug|Any CPU.Build.0 = Debug|Any CPU
		{3C508F4D-A652-4DB0-AE6B-CFCFE7E40F64}.Release|Any CPU.ActiveCfg = Release|Any CPU
		{3C508F4D-A652-4DB0-AE6B-CFCFE7E40F64}.Release|Any CPU.Build.0 = Release|Any CPU
		{0E340CF5-ED2F-437B-8611-D89256416B2E}.Debug|Any CPU.ActiveCfg = Debug|Any CPU
		{0E340CF5-ED2F-437B-8611-D89256416B2E}.Debug|Any CPU.Build.0 = Debug|Any CPU
		{0E340CF5-ED2F-437B-8611-D89256416B2E}.Release|Any CPU.ActiveCfg = Release|Any CPU
		{0E340CF5-ED2F-437B-8611-D89256416B2E}.Release|Any CPU.Build.0 = Release|Any CPU
		{12A48710-0E89-4A7A-A301-FC5F71A33A6C}.Debug|Any CPU.ActiveCfg = Debug|Any CPU
		{12A48710-0E89-4A7A-A301-FC5F71A33A6C}.Debug|Any CPU.Build.0 = Debug|Any CPU
		{12A48710-0E89-4A7A-A301-FC5F71A33A6C}.Release|Any CPU.ActiveCfg = Release|Any CPU
		{12A48710-0E89-4A7A-A301-FC5F71A33A6C}.Release|Any CPU.Build.0 = Release|Any CPU
		{C27F123B-F0E9-4160-9597-A313F22CAE42}.Debug|Any CPU.ActiveCfg = Debug|Any CPU
		{C27F123B-F0E9-4160-9597-A313F22CAE42}.Debug|Any CPU.Build.0 = Debug|Any CPU
		{C27F123B-F0E9-4160-9597-A313F22CAE42}.Release|Any CPU.ActiveCfg = Release|Any CPU
		{C27F123B-F0E9-4160-9597-A313F22CAE42}.Release|Any CPU.Build.0 = Release|Any CPU
		{F490EE2B-1C29-4AF3-8251-A86F5D6C9962}.Debug|Any CPU.ActiveCfg = Debug|Any CPU
		{F490EE2B-1C29-4AF3-8251-A86F5D6C9962}.Debug|Any CPU.Build.0 = Debug|Any CPU
		{F490EE2B-1C29-4AF3-8251-A86F5D6C9962}.Release|Any CPU.ActiveCfg = Release|Any CPU
		{F490EE2B-1C29-4AF3-8251-A86F5D6C9962}.Release|Any CPU.Build.0 = Release|Any CPU
		{C772079B-2A4F-4776-B5E2-617B147C4BDB}.Debug|Any CPU.ActiveCfg = Debug|Any CPU
		{C772079B-2A4F-4776-B5E2-617B147C4BDB}.Debug|Any CPU.Build.0 = Debug|Any CPU
		{C772079B-2A4F-4776-B5E2-617B147C4BDB}.Release|Any CPU.ActiveCfg = Release|Any CPU
		{C772079B-2A4F-4776-B5E2-617B147C4BDB}.Release|Any CPU.Build.0 = Release|Any CPU
		{D40BF8CB-49B2-4BDD-A793-23DFA57C51E8}.Debug|Any CPU.ActiveCfg = Debug|Any CPU
		{D40BF8CB-49B2-4BDD-A793-23DFA57C51E8}.Debug|Any CPU.Build.0 = Debug|Any CPU
		{D40BF8CB-49B2-4BDD-A793-23DFA57C51E8}.Release|Any CPU.ActiveCfg = Release|Any CPU
		{D40BF8CB-49B2-4BDD-A793-23DFA57C51E8}.Release|Any CPU.Build.0 = Release|Any CPU
		{06D01F5A-F845-4B41-AC5C-98EDC0A1F753}.Debug|Any CPU.ActiveCfg = Debug|Any CPU
		{06D01F5A-F845-4B41-AC5C-98EDC0A1F753}.Debug|Any CPU.Build.0 = Debug|Any CPU
		{06D01F5A-F845-4B41-AC5C-98EDC0A1F753}.Release|Any CPU.ActiveCfg = Release|Any CPU
		{06D01F5A-F845-4B41-AC5C-98EDC0A1F753}.Release|Any CPU.Build.0 = Release|Any CPU
		{E386A3ED-F23C-4B6C-B80A-6901FF483D31}.Debug|Any CPU.ActiveCfg = Debug|Any CPU
		{E386A3ED-F23C-4B6C-B80A-6901FF483D31}.Debug|Any CPU.Build.0 = Debug|Any CPU
		{E386A3ED-F23C-4B6C-B80A-6901FF483D31}.Release|Any CPU.ActiveCfg = Release|Any CPU
		{E386A3ED-F23C-4B6C-B80A-6901FF483D31}.Release|Any CPU.Build.0 = Release|Any CPU
		{B4B34915-D090-40F9-8A5F-28E15995D469}.Debug|Any CPU.ActiveCfg = Debug|Any CPU
		{B4B34915-D090-40F9-8A5F-28E15995D469}.Debug|Any CPU.Build.0 = Debug|Any CPU
		{B4B34915-D090-40F9-8A5F-28E15995D469}.Release|Any CPU.ActiveCfg = Release|Any CPU
		{B4B34915-D090-40F9-8A5F-28E15995D469}.Release|Any CPU.Build.0 = Release|Any CPU
		{38B23444-142F-454D-B6E8-AC53F601BEEA}.Debug|Any CPU.ActiveCfg = Debug|Any CPU
		{38B23444-142F-454D-B6E8-AC53F601BEEA}.Debug|Any CPU.Build.0 = Debug|Any CPU
		{38B23444-142F-454D-B6E8-AC53F601BEEA}.Release|Any CPU.ActiveCfg = Release|Any CPU
		{38B23444-142F-454D-B6E8-AC53F601BEEA}.Release|Any CPU.Build.0 = Release|Any CPU
		{8E0D9E30-0519-43BD-A155-DA823958AC9C}.Debug|Any CPU.ActiveCfg = Debug|Any CPU
		{8E0D9E30-0519-43BD-A155-DA823958AC9C}.Debug|Any CPU.Build.0 = Debug|Any CPU
		{8E0D9E30-0519-43BD-A155-DA823958AC9C}.Release|Any CPU.ActiveCfg = Release|Any CPU
		{8E0D9E30-0519-43BD-A155-DA823958AC9C}.Release|Any CPU.Build.0 = Release|Any CPU
		{DA2C4282-3A6C-4B45-B694-5FE01E639203}.Debug|Any CPU.ActiveCfg = Debug|Any CPU
		{DA2C4282-3A6C-4B45-B694-5FE01E639203}.Debug|Any CPU.Build.0 = Debug|Any CPU
		{DA2C4282-3A6C-4B45-B694-5FE01E639203}.Release|Any CPU.ActiveCfg = Release|Any CPU
		{DA2C4282-3A6C-4B45-B694-5FE01E639203}.Release|Any CPU.Build.0 = Release|Any CPU
		{83F1C38F-A443-4E17-B9BD-EC226232BD63}.Debug|Any CPU.ActiveCfg = Debug|Any CPU
		{83F1C38F-A443-4E17-B9BD-EC226232BD63}.Debug|Any CPU.Build.0 = Debug|Any CPU
		{83F1C38F-A443-4E17-B9BD-EC226232BD63}.Release|Any CPU.ActiveCfg = Release|Any CPU
		{83F1C38F-A443-4E17-B9BD-EC226232BD63}.Release|Any CPU.Build.0 = Release|Any CPU
	EndGlobalSection
	GlobalSection(SolutionProperties) = preSolution
		HideSolutionNode = FALSE
	EndGlobalSection
	GlobalSection(ExtensibilityGlobals) = postSolution
		SolutionGuid = {68BE9628-BE73-4E0E-9D0D-B3E8373C28E7}
	EndGlobalSection
EndGlobal
